<?xml version="1.0"?>
<Project ToolsVersion="4.0" xmlns="http://schemas.microsoft.com/developer/msbuild/2003">
	<ItemGroup>
		<ClCompile Include="src\ofApp.cpp">
			<Filter>src</Filter>
		</ClCompile>
		<ClCompile Include="src\main.cpp">
			<Filter>src</Filter>
		</ClCompile>
		<ClCompile Include="src\main.cpp">
			<Filter>src</Filter>
		</ClCompile>
		<ClCompile Include="src\ofApp.cpp">
			<Filter>src</Filter>
		</ClCompile>
		<ClCompile Include="..\..\..\addons\ofxLatk\libs\jsoncpp\src\jsoncpp.cpp">
			<Filter>addons\ofxLatk\libs\jsoncpp\src</Filter>
		</ClCompile>
		<ClCompile Include="..\..\..\addons\ofxLatk\libs\ofxLatk\src\Latk.cpp">
			<Filter>addons\ofxLatk\libs\ofxLatk\src</Filter>
		</ClCompile>
		<ClCompile Include="..\..\..\addons\ofxLatk\libs\ofxLatk\src\LatkFrame.cpp">
			<Filter>addons\ofxLatk\libs\ofxLatk\src</Filter>
		</ClCompile>
		<ClCompile Include="..\..\..\addons\ofxLatk\libs\ofxLatk\src\LatkJson.cpp">
			<Filter>addons\ofxLatk\libs\ofxLatk\src</Filter>
		</ClCompile>
		<ClCompile Include="..\..\..\addons\ofxLatk\libs\ofxLatk\src\LatkLayer.cpp">
			<Filter>addons\ofxLatk\libs\ofxLatk\src</Filter>
		</ClCompile>
		<ClCompile Include="..\..\..\addons\ofxLatk\libs\ofxLatk\src\LatkStroke.cpp">
			<Filter>addons\ofxLatk\libs\ofxLatk\src</Filter>
		</ClCompile>
	</ItemGroup>
	<ItemGroup>
		<Filter Include="src">
			<UniqueIdentifier>{d8376475-7454-4a24-b08a-aac121d3ad6f}</UniqueIdentifier>
		</Filter>
		<Filter Include="addons">
			<UniqueIdentifier>{71834F65-F3A9-211E-73B8-DC85}</UniqueIdentifier>
		</Filter>
		<Filter Include="addons\ofxLatk">
			<UniqueIdentifier>{79D8B451-2B98-2937-CA03-D13F}</UniqueIdentifier>
		</Filter>
		<Filter Include="addons\ofxLatk\src">
			<UniqueIdentifier>{65701004-94A5-3765-3CA7-ECF5}</UniqueIdentifier>
		</Filter>
		<Filter Include="addons\ofxLatk\libs">
			<UniqueIdentifier>{B1921A43-9F11-6027-079C-5513}</UniqueIdentifier>
		</Filter>
		<Filter Include="addons\ofxLatk\libs\jsoncpp">
			<UniqueIdentifier>{8F5BCA36-7588-4AEE-E558-03C4}</UniqueIdentifier>
		</Filter>
		<Filter Include="addons\ofxLatk\libs\jsoncpp\include">
			<UniqueIdentifier>{CB67FEA6-1ECC-1468-86CF-AD31}</UniqueIdentifier>
		</Filter>
		<Filter Include="addons\ofxLatk\libs\jsoncpp\include\json">
			<UniqueIdentifier>{E7C72E92-24B3-6D07-4A58-D7C9}</UniqueIdentifier>
		</Filter>
		<Filter Include="addons\ofxLatk\libs\jsoncpp\src">
			<UniqueIdentifier>{B33F88D2-D2F8-3112-433E-BD99}</UniqueIdentifier>
		</Filter>
		<Filter Include="addons\ofxLatk\libs\ofxLatk">
			<UniqueIdentifier>{6FC20F36-A6D9-92F3-AB5D-CD7F}</UniqueIdentifier>
		</Filter>
		<Filter Include="addons\ofxLatk\libs\ofxLatk\include">
			<UniqueIdentifier>{FDFE9712-FCAE-EE21-96F4-BFCF}</UniqueIdentifier>
		</Filter>
		<Filter Include="addons\ofxLatk\libs\ofxLatk\include\ofxLatk">
			<UniqueIdentifier>{58130E8B-3022-C337-BE58-AE44}</UniqueIdentifier>
		</Filter>
		<Filter Include="addons\ofxLatk\libs\ofxLatk\src">
			<UniqueIdentifier>{511B0CB1-1D4F-AB5C-F510-C614}</UniqueIdentifier>
		</Filter>
	</ItemGroup>
	<ItemGroup>
		<ClInclude Include="src\ofApp.h">
			<Filter>src</Filter>
		</ClInclude>
		<ClInclude Include="src\ofApp.h">
			<Filter>src</Filter>
		</ClInclude>
		<ClInclude Include="..\..\..\addons\ofxLatk\src\ofxLatk.h">
			<Filter>addons\ofxLatk\src</Filter>
		</ClInclude>
		<ClInclude Include="..\..\..\addons\ofxLatk\libs\jsoncpp\include\json\json-forwards.h">
			<Filter>addons\ofxLatk\libs\jsoncpp\include\json</Filter>
		</ClInclude>
		<ClInclude Include="..\..\..\addons\ofxLatk\libs\jsoncpp\include\json\json.h">
			<Filter>addons\ofxLatk\libs\jsoncpp\include\json</Filter>
		</ClInclude>
		<ClInclude Include="..\..\..\addons\ofxLatk\libs\ofxLatk\include\ofxLatk\Latk.h">
			<Filter>addons\ofxLatk\libs\ofxLatk\include\ofxLatk</Filter>
		</ClInclude>
		<ClInclude Include="..\..\..\addons\ofxLatk\libs\ofxLatk\include\ofxLatk\LatkFrame.h">
			<Filter>addons\ofxLatk\libs\ofxLatk\include\ofxLatk</Filter>
		</ClInclude>
		<ClInclude Include="..\..\..\addons\ofxLatk\libs\ofxLatk\include\ofxLatk\LatkJson.h">
			<Filter>addons\ofxLatk\libs\ofxLatk\include\ofxLatk</Filter>
		</ClInclude>
		<ClInclude Include="..\..\..\addons\ofxLatk\libs\ofxLatk\include\ofxLatk\LatkLayer.h">
			<Filter>addons\ofxLatk\libs\ofxLatk\include\ofxLatk</Filter>
		</ClInclude>
		<ClInclude Include="..\..\..\addons\ofxLatk\libs\ofxLatk\include\ofxLatk\LatkStroke.h">
			<Filter>addons\ofxLatk\libs\ofxLatk\include\ofxLatk</Filter>
		</ClInclude>
	</ItemGroup>
	<ItemGroup>
		<ResourceCompile Include="icon.rc" />
	</ItemGroup>
</Project>
