<?xml version="1.0"?>
<Project ToolsVersion="4.0" xmlns="http://schemas.microsoft.com/developer/msbuild/2003">
	<ItemGroup>
		<ClCompile Include="src\ofApp.cpp">
			<Filter>src</Filter>
		</ClCompile>
		<ClCompile Include="src\main.cpp">
			<Filter>src</Filter>
		</ClCompile>
		<ClCompile Include="src\main.cpp">
			<Filter>src</Filter>
		</ClCompile>
		<ClCompile Include="src\ofApp.cpp">
			<Filter>src</Filter>
		</ClCompile>
		<ClCompile Include="..\..\..\addons\ofxJSON\src\ofxJSONElement.cpp">
			<Filter>addons\ofxJSON\src</Filter>
		</ClCompile>
		<ClCompile Include="..\..\..\addons\ofxJSON\libs\jsoncpp\src\jsoncpp.cpp">
			<Filter>addons\ofxJSON\libs\jsoncpp\src</Filter>
		</ClCompile>
		<ClCompile Include="..\..\..\addons\ofxLatk\libs\ofxLatk\src\Latk.cpp">
			<Filter>addons\ofxLatk\libs\ofxLatk\src</Filter>
		</ClCompile>
		<ClCompile Include="..\..\..\addons\ofxLatk\libs\ofxLatk\src\LatkFrame.cpp">
			<Filter>addons\ofxLatk\libs\ofxLatk\src</Filter>
		</ClCompile>
		<ClCompile Include="..\..\..\addons\ofxLatk\libs\ofxLatk\src\LatkLayer.cpp">
			<Filter>addons\ofxLatk\libs\ofxLatk\src</Filter>
		</ClCompile>
		<ClCompile Include="..\..\..\addons\ofxLatk\libs\ofxLatk\src\LatkStroke.cpp">
			<Filter>addons\ofxLatk\libs\ofxLatk\src</Filter>
		</ClCompile>
		<ClCompile Include="..\..\..\addons\ofxLatk\libs\ofxLatk\src\LatkVoxel.cpp">
			<Filter>addons\ofxLatk\libs\ofxLatk\src</Filter>
		</ClCompile>
		<ClCompile Include="..\..\..\addons\ofxPostProcessing\src\BleachBypassPass.cpp">
			<Filter>addons\ofxPostProcessing\src</Filter>
		</ClCompile>
		<ClCompile Include="..\..\..\addons\ofxPostProcessing\src\BloomPass.cpp">
			<Filter>addons\ofxPostProcessing\src</Filter>
		</ClCompile>
		<ClCompile Include="..\..\..\addons\ofxPostProcessing\src\ContrastPass.cpp">
			<Filter>addons\ofxPostProcessing\src</Filter>
		</ClCompile>
		<ClCompile Include="..\..\..\addons\ofxPostProcessing\src\ConvolutionPass.cpp">
			<Filter>addons\ofxPostProcessing\src</Filter>
		</ClCompile>
		<ClCompile Include="..\..\..\addons\ofxPostProcessing\src\DofAltPass.cpp">
			<Filter>addons\ofxPostProcessing\src</Filter>
		</ClCompile>
		<ClCompile Include="..\..\..\addons\ofxPostProcessing\src\DofPass.cpp">
			<Filter>addons\ofxPostProcessing\src</Filter>
		</ClCompile>
		<ClCompile Include="..\..\..\addons\ofxPostProcessing\src\EdgePass.cpp">
			<Filter>addons\ofxPostProcessing\src</Filter>
		</ClCompile>
		<ClCompile Include="..\..\..\addons\ofxPostProcessing\src\FakeSSSPass.cpp">
			<Filter>addons\ofxPostProcessing\src</Filter>
		</ClCompile>
		<ClCompile Include="..\..\..\addons\ofxPostProcessing\src\FxaaPass.cpp">
			<Filter>addons\ofxPostProcessing\src</Filter>
		</ClCompile>
		<ClCompile Include="..\..\..\addons\ofxPostProcessing\src\GodRaysPass.cpp">
			<Filter>addons\ofxPostProcessing\src</Filter>
		</ClCompile>
		<ClCompile Include="..\..\..\addons\ofxPostProcessing\src\HorizontalTiltShifPass.cpp">
			<Filter>addons\ofxPostProcessing\src</Filter>
		</ClCompile>
		<ClCompile Include="..\..\..\addons\ofxPostProcessing\src\HsbShiftPass.cpp">
			<Filter>addons\ofxPostProcessing\src</Filter>
		</ClCompile>
		<ClCompile Include="..\..\..\addons\ofxPostProcessing\src\KaleidoscopePass.cpp">
			<Filter>addons\ofxPostProcessing\src</Filter>
		</ClCompile>
		<ClCompile Include="..\..\..\addons\ofxPostProcessing\src\LimbDarkeningPass.cpp">
			<Filter>addons\ofxPostProcessing\src</Filter>
		</ClCompile>
		<ClCompile Include="..\..\..\addons\ofxPostProcessing\src\LUTPass.cpp">
			<Filter>addons\ofxPostProcessing\src</Filter>
		</ClCompile>
		<ClCompile Include="..\..\..\addons\ofxPostProcessing\src\NoiseWarpPass.cpp">
			<Filter>addons\ofxPostProcessing\src</Filter>
		</ClCompile>
		<ClCompile Include="..\..\..\addons\ofxPostProcessing\src\PixelatePass.cpp">
			<Filter>addons\ofxPostProcessing\src</Filter>
		</ClCompile>
		<ClCompile Include="..\..\..\addons\ofxPostProcessing\src\PostProcessing.cpp">
			<Filter>addons\ofxPostProcessing\src</Filter>
		</ClCompile>
		<ClCompile Include="..\..\..\addons\ofxPostProcessing\src\RenderPass.cpp">
			<Filter>addons\ofxPostProcessing\src</Filter>
		</ClCompile>
		<ClCompile Include="..\..\..\addons\ofxPostProcessing\src\RGBShiftPass.cpp">
			<Filter>addons\ofxPostProcessing\src</Filter>
		</ClCompile>
		<ClCompile Include="..\..\..\addons\ofxPostProcessing\src\RimHighlightingPass.cpp">
			<Filter>addons\ofxPostProcessing\src</Filter>
		</ClCompile>
		<ClCompile Include="..\..\..\addons\ofxPostProcessing\src\SSAOPass.cpp">
			<Filter>addons\ofxPostProcessing\src</Filter>
		</ClCompile>
		<ClCompile Include="..\..\..\addons\ofxPostProcessing\src\ToonPass.cpp">
			<Filter>addons\ofxPostProcessing\src</Filter>
		</ClCompile>
		<ClCompile Include="..\..\..\addons\ofxPostProcessing\src\VerticalTiltShifPass.cpp">
			<Filter>addons\ofxPostProcessing\src</Filter>
		</ClCompile>
		<ClCompile Include="..\..\..\addons\ofxPostProcessing\src\ZoomBlurPass.cpp">
			<Filter>addons\ofxPostProcessing\src</Filter>
		</ClCompile>
	</ItemGroup>
	<ItemGroup>
		<Filter Include="src">
			<UniqueIdentifier>{d8376475-7454-4a24-b08a-aac121d3ad6f}</UniqueIdentifier>
		</Filter>
		<Filter Include="addons">
			<UniqueIdentifier>{71834F65-F3A9-211E-73B8-DC85}</UniqueIdentifier>
		</Filter>
		<Filter Include="addons\ofxJSON">
			<UniqueIdentifier>{CF86E01B-D8D7-A112-88F3-5883}</UniqueIdentifier>
		</Filter>
		<Filter Include="addons\ofxJSON\src">
			<UniqueIdentifier>{CE83AFE9-FE4A-682E-D5C9-50B4}</UniqueIdentifier>
		</Filter>
		<Filter Include="addons\ofxJSON\libs">
			<UniqueIdentifier>{5302B3F8-ECDD-0465-334A-F39E}</UniqueIdentifier>
		</Filter>
		<Filter Include="addons\ofxJSON\libs\jsoncpp">
			<UniqueIdentifier>{87D6C548-39D9-FD9F-093E-9F4E}</UniqueIdentifier>
		</Filter>
		<Filter Include="addons\ofxJSON\libs\jsoncpp\include">
			<UniqueIdentifier>{0B6CA981-484E-6E8C-776C-7298}</UniqueIdentifier>
		</Filter>
		<Filter Include="addons\ofxJSON\libs\jsoncpp\include\json">
			<UniqueIdentifier>{5FF260B2-1497-3EFE-19D5-40DB}</UniqueIdentifier>
		</Filter>
		<Filter Include="addons\ofxJSON\libs\jsoncpp\src">
			<UniqueIdentifier>{6D569A5B-6719-AEFD-C08E-5CE5}</UniqueIdentifier>
		</Filter>
		<Filter Include="addons\ofxLatk">
			<UniqueIdentifier>{79D8B451-2B98-2937-CA03-D13F}</UniqueIdentifier>
		</Filter>
		<Filter Include="addons\ofxLatk\src">
			<UniqueIdentifier>{65701004-94A5-3765-3CA7-ECF5}</UniqueIdentifier>
		</Filter>
		<Filter Include="addons\ofxLatk\libs">
			<UniqueIdentifier>{B1921A43-9F11-6027-079C-5513}</UniqueIdentifier>
		</Filter>
		<Filter Include="addons\ofxLatk\libs\ofxLatk">
			<UniqueIdentifier>{6FC20F36-A6D9-92F3-AB5D-CD7F}</UniqueIdentifier>
		</Filter>
		<Filter Include="addons\ofxLatk\libs\ofxLatk\include">
			<UniqueIdentifier>{FDFE9712-FCAE-EE21-96F4-BFCF}</UniqueIdentifier>
		</Filter>
		<Filter Include="addons\ofxLatk\libs\ofxLatk\include\ofxLatk">
			<UniqueIdentifier>{58130E8B-3022-C337-BE58-AE44}</UniqueIdentifier>
		</Filter>
		<Filter Include="addons\ofxLatk\libs\ofxLatk\src">
			<UniqueIdentifier>{511B0CB1-1D4F-AB5C-F510-C614}</UniqueIdentifier>
		</Filter>
		<Filter Include="addons\ofxPostProcessing">
			<UniqueIdentifier>{AB514210-24FF-87A6-AE4B-9AE5}</UniqueIdentifier>
		</Filter>
		<Filter Include="addons\ofxPostProcessing\src">
			<UniqueIdentifier>{8E4D751F-6272-927D-3C6E-AFCE}</UniqueIdentifier>
		</Filter>
	</ItemGroup>
	<ItemGroup>
		<ClInclude Include="src\ofApp.h">
			<Filter>src</Filter>
		</ClInclude>
		<ClInclude Include="src\ofApp.h">
			<Filter>src</Filter>
		</ClInclude>
		<ClInclude Include="..\..\..\addons\ofxJSON\src\ofxJSON.h">
			<Filter>addons\ofxJSON\src</Filter>
		</ClInclude>
		<ClInclude Include="..\..\..\addons\ofxJSON\src\ofxJSONElement.h">
			<Filter>addons\ofxJSON\src</Filter>
		</ClInclude>
		<ClInclude Include="..\..\..\addons\ofxJSON\libs\jsoncpp\include\json\json-forwards.h">
			<Filter>addons\ofxJSON\libs\jsoncpp\include\json</Filter>
		</ClInclude>
		<ClInclude Include="..\..\..\addons\ofxJSON\libs\jsoncpp\include\json\json.h">
			<Filter>addons\ofxJSON\libs\jsoncpp\include\json</Filter>
		</ClInclude>
		<ClInclude Include="..\..\..\addons\ofxLatk\src\ofxLatk.h">
			<Filter>addons\ofxLatk\src</Filter>
		</ClInclude>
		<ClInclude Include="..\..\..\addons\ofxLatk\libs\ofxLatk\include\ofxLatk\Latk.h">
			<Filter>addons\ofxLatk\libs\ofxLatk\include\ofxLatk</Filter>
		</ClInclude>
		<ClInclude Include="..\..\..\addons\ofxLatk\libs\ofxLatk\include\ofxLatk\LatkFrame.h">
			<Filter>addons\ofxLatk\libs\ofxLatk\include\ofxLatk</Filter>
		</ClInclude>
		<ClInclude Include="..\..\..\addons\ofxLatk\libs\ofxLatk\include\ofxLatk\LatkLayer.h">
			<Filter>addons\ofxLatk\libs\ofxLatk\include\ofxLatk</Filter>
		</ClInclude>
		<ClInclude Include="..\..\..\addons\ofxLatk\libs\ofxLatk\include\ofxLatk\LatkStroke.h">
			<Filter>addons\ofxLatk\libs\ofxLatk\include\ofxLatk</Filter>
		</ClInclude>
		<ClInclude Include="..\..\..\addons\ofxLatk\libs\ofxLatk\include\ofxLatk\LatkVoxel.h">
			<Filter>addons\ofxLatk\libs\ofxLatk\include\ofxLatk</Filter>
		</ClInclude>
		<ClInclude Include="..\..\..\addons\ofxPostProcessing\src\BleachBypassPass.h">
			<Filter>addons\ofxPostProcessing\src</Filter>
		</ClInclude>
		<ClInclude Include="..\..\..\addons\ofxPostProcessing\src\BloomPass.h">
			<Filter>addons\ofxPostProcessing\src</Filter>
		</ClInclude>
		<ClInclude Include="..\..\..\addons\ofxPostProcessing\src\ContrastPass.h">
			<Filter>addons\ofxPostProcessing\src</Filter>
		</ClInclude>
		<ClInclude Include="..\..\..\addons\ofxPostProcessing\src\ConvolutionPass.h">
			<Filter>addons\ofxPostProcessing\src</Filter>
		</ClInclude>
		<ClInclude Include="..\..\..\addons\ofxPostProcessing\src\DofAltPass.h">
			<Filter>addons\ofxPostProcessing\src</Filter>
		</ClInclude>
		<ClInclude Include="..\..\..\addons\ofxPostProcessing\src\DofPass.h">
			<Filter>addons\ofxPostProcessing\src</Filter>
		</ClInclude>
		<ClInclude Include="..\..\..\addons\ofxPostProcessing\src\EdgePass.h">
			<Filter>addons\ofxPostProcessing\src</Filter>
		</ClInclude>
		<ClInclude Include="..\..\..\addons\ofxPostProcessing\src\FakeSSSPass.h">
			<Filter>addons\ofxPostProcessing\src</Filter>
		</ClInclude>
		<ClInclude Include="..\..\..\addons\ofxPostProcessing\src\FxaaPass.h">
			<Filter>addons\ofxPostProcessing\src</Filter>
		</ClInclude>
		<ClInclude Include="..\..\..\addons\ofxPostProcessing\src\GodRaysPass.h">
			<Filter>addons\ofxPostProcessing\src</Filter>
		</ClInclude>
		<ClInclude Include="..\..\..\addons\ofxPostProcessing\src\HorizontalTiltShifPass.h">
			<Filter>addons\ofxPostProcessing\src</Filter>
		</ClInclude>
		<ClInclude Include="..\..\..\addons\ofxPostProcessing\src\HsbShiftPass.h">
			<Filter>addons\ofxPostProcessing\src</Filter>
		</ClInclude>
		<ClInclude Include="..\..\..\addons\ofxPostProcessing\src\KaleidoscopePass.h">
			<Filter>addons\ofxPostProcessing\src</Filter>
		</ClInclude>
		<ClInclude Include="..\..\..\addons\ofxPostProcessing\src\LimbDarkeningPass.h">
			<Filter>addons\ofxPostProcessing\src</Filter>
		</ClInclude>
		<ClInclude Include="..\..\..\addons\ofxPostProcessing\src\LUTPass.h">
			<Filter>addons\ofxPostProcessing\src</Filter>
		</ClInclude>
		<ClInclude Include="..\..\..\addons\ofxPostProcessing\src\NoiseWarpPass.h">
			<Filter>addons\ofxPostProcessing\src</Filter>
		</ClInclude>
		<ClInclude Include="..\..\..\addons\ofxPostProcessing\src\ofxPostProcessing.h">
			<Filter>addons\ofxPostProcessing\src</Filter>
		</ClInclude>
		<ClInclude Include="..\..\..\addons\ofxPostProcessing\src\PixelatePass.h">
			<Filter>addons\ofxPostProcessing\src</Filter>
		</ClInclude>
		<ClInclude Include="..\..\..\addons\ofxPostProcessing\src\PostProcessing.h">
			<Filter>addons\ofxPostProcessing\src</Filter>
		</ClInclude>
		<ClInclude Include="..\..\..\addons\ofxPostProcessing\src\RenderPass.h">
			<Filter>addons\ofxPostProcessing\src</Filter>
		</ClInclude>
		<ClInclude Include="..\..\..\addons\ofxPostProcessing\src\RGBShiftPass.h">
			<Filter>addons\ofxPostProcessing\src</Filter>
		</ClInclude>
		<ClInclude Include="..\..\..\addons\ofxPostProcessing\src\RimHighlightingPass.h">
			<Filter>addons\ofxPostProcessing\src</Filter>
		</ClInclude>
		<ClInclude Include="..\..\..\addons\ofxPostProcessing\src\SSAOPass.h">
			<Filter>addons\ofxPostProcessing\src</Filter>
		</ClInclude>
		<ClInclude Include="..\..\..\addons\ofxPostProcessing\src\ToonPass.h">
			<Filter>addons\ofxPostProcessing\src</Filter>
		</ClInclude>
		<ClInclude Include="..\..\..\addons\ofxPostProcessing\src\VerticalTiltShifPass.h">
			<Filter>addons\ofxPostProcessing\src</Filter>
		</ClInclude>
		<ClInclude Include="..\..\..\addons\ofxPostProcessing\src\ZoomBlurPass.h">
			<Filter>addons\ofxPostProcessing\src</Filter>
		</ClInclude>
	</ItemGroup>
	<ItemGroup>
		<ResourceCompile Include="icon.rc" />
	</ItemGroup>
</Project>
